
Microsoft Visual Studio Solution File, Format Version 12.00
# Visual Studio Version 17
VisualStudioVersion = 17.9.34616.47
MinimumVisualStudioVersion = 10.0.40219.1
Project("{FAE04EC0-301F-11D3-BF4B-00C04F79EFBC}") = "LABORATORIO1", "LABORATORIO1\LABORATORIO1.csproj", "{D8417FB4-A6A4-4447-82C2-C3DF76201AF1}"
EndProject
Global
	GlobalSection(SolutionConfigurationPlatforms) = preSolution
		Debug|Any CPU = Debug|Any CPU
		Release|Any CPU = Release|Any CPU
	EndGlobalSection
	GlobalSection(ProjectConfigurationPlatforms) = postSolution
		{D8417FB4-A6A4-4447-82C2-C3DF76201AF1}.Debug|Any CPU.ActiveCfg = Debug|Any CPU
		{D8417FB4-A6A4-4447-82C2-C3DF76201AF1}.Debug|Any CPU.Build.0 = Debug|Any CPU
		{D8417FB4-A6A4-4447-82C2-C3DF76201AF1}.Release|Any CPU.ActiveCfg = Release|Any CPU
		{D8417FB4-A6A4-4447-82C2-C3DF76201AF1}.Release|Any CPU.Build.0 = Release|Any CPU
	EndGlobalSection
	GlobalSection(SolutionProperties) = preSolution
		HideSolutionNode = FALSE
	EndGlobalSection
	GlobalSection(ExtensibilityGlobals) = postSolution
		SolutionGuid = {1C4C5F76-4474-4C92-A6EE-7188BCA536BE}
	EndGlobalSection
EndGlobal
